{
  "name": "innovativeproject-loancalculator",
  "lockfileVersion": 2,
  "requires": true,
  "packages": {
    "": {
      "dependencies": {
        "victory": "^36.3.1"
      }
    },
    "node_modules/d3-array": {
      "version": "1.2.4",
      "resolved": "https://registry.npmjs.org/d3-array/-/d3-array-1.2.4.tgz",
      "integrity": "sha512-KHW6M86R+FUPYGb3R5XiYjXPq7VzwxZ22buHhAEVG5ztoEcZZMLov530mmccaqA1GghZArjQV46fuc8kUqhhHw=="
    },
    "node_modules/d3-collection": {
      "version": "1.0.7",
      "resolved": "https://registry.npmjs.org/d3-collection/-/d3-collection-1.0.7.tgz",
      "integrity": "sha512-ii0/r5f4sjKNTfh84Di+DpztYwqKhEyUlKoPrzUFfeSkWxjW49xU2QzO9qrPrNkpdI0XJkfzvmTu8V2Zylln6A=="
    },
    "node_modules/d3-color": {
      "version": "1.4.1",
      "resolved": "https://registry.npmjs.org/d3-color/-/d3-color-1.4.1.tgz",
      "integrity": "sha512-p2sTHSLCJI2QKunbGb7ocOh7DgTAn8IrLx21QRc/BSnodXM4sv6aLQlnfpvehFMLZEfBc6g9pH9SWQccFYfJ9Q=="
    },
    "node_modules/d3-ease": {
      "version": "1.0.7",
      "resolved": "https://registry.npmjs.org/d3-ease/-/d3-ease-1.0.7.tgz",
      "integrity": "sha512-lx14ZPYkhNx0s/2HX5sLFUI3mbasHjSSpwO/KaaNACweVwxUruKyWVcb293wMv1RqTPZyZ8kSZ2NogUZNcLOFQ=="
    },
    "node_modules/d3-format": {
      "version": "1.4.5",
      "resolved": "https://registry.npmjs.org/d3-format/-/d3-format-1.4.5.tgz",
      "integrity": "sha512-J0piedu6Z8iB6TbIGfZgDzfXxUFN3qQRMofy2oPdXzQibYGqPB/9iMcxr/TGalU+2RsyDO+U4f33id8tbnSRMQ=="
    },
    "node_modules/d3-interpolate": {
      "version": "1.4.0",
      "resolved": "https://registry.npmjs.org/d3-interpolate/-/d3-interpolate-1.4.0.tgz",
      "integrity": "sha512-V9znK0zc3jOPV4VD2zZn0sDhZU3WAE2bmlxdIwwQPPzPjvyLkd8B3JUVdS1IDUFDkWZ72c9qnv1GK2ZagTZ8EA==",
      "dependencies": {
        "d3-color": "1"
      }
    },
    "node_modules/d3-path": {
      "version": "1.0.9",
      "resolved": "https://registry.npmjs.org/d3-path/-/d3-path-1.0.9.tgz",
      "integrity": "sha512-VLaYcn81dtHVTjEHd8B+pbe9yHWpXKZUC87PzoFmsFrJqgFwDe/qxfp5MlfsfM1V5E/iVt0MmEbWQ7FVIXh/bg=="
    },
    "node_modules/d3-scale": {
      "version": "1.0.7",
      "resolved": "https://registry.npmjs.org/d3-scale/-/d3-scale-1.0.7.tgz",
      "integrity": "sha512-KvU92czp2/qse5tUfGms6Kjig0AhHOwkzXG0+PqIJB3ke0WUv088AHMZI0OssO9NCkXt4RP8yju9rpH8aGB7Lw==",
      "dependencies": {
        "d3-array": "^1.2.0",
        "d3-collection": "1",
        "d3-color": "1",
        "d3-format": "1",
        "d3-interpolate": "1",
        "d3-time": "1",
        "d3-time-format": "2"
      }
    },
    "node_modules/d3-shape": {
      "version": "1.3.7",
      "resolved": "https://registry.npmjs.org/d3-shape/-/d3-shape-1.3.7.tgz",
      "integrity": "sha512-EUkvKjqPFUAZyOlhY5gzCxCeI0Aep04LwIRpsZ/mLFelJiUfnK56jo5JMDSE7yyP2kLSb6LtF+S5chMk7uqPqw==",
      "dependencies": {
        "d3-path": "1"
      }
    },
    "node_modules/d3-time": {
      "version": "1.1.0",
      "resolved": "https://registry.npmjs.org/d3-time/-/d3-time-1.1.0.tgz",
      "integrity": "sha512-Xh0isrZ5rPYYdqhAVk8VLnMEidhz5aP7htAADH6MfzgmmicPkTo8LhkLxci61/lCB7n7UmE3bN0leRt+qvkLxA=="
    },
    "node_modules/d3-time-format": {
      "version": "2.3.0",
      "resolved": "https://registry.npmjs.org/d3-time-format/-/d3-time-format-2.3.0.tgz",
      "integrity": "sha512-guv6b2H37s2Uq/GefleCDtbe0XZAuy7Wa49VGkPVPMfLL9qObgBST3lEHJBMUp8S7NdLQAGIvr2KXk8Hc98iKQ==",
      "dependencies": {
        "d3-time": "1"
      }
    },
    "node_modules/d3-timer": {
      "version": "1.0.10",
      "resolved": "https://registry.npmjs.org/d3-timer/-/d3-timer-1.0.10.tgz",
      "integrity": "sha512-B1JDm0XDaQC+uvo4DT79H0XmBskgS3l6Ve+1SBCfxgmtIb1AVrPIoqd+nPSv+loMX8szQ0sVUhGngL7D5QPiXw=="
    },
    "node_modules/d3-voronoi": {
      "version": "1.1.4",
      "resolved": "https://registry.npmjs.org/d3-voronoi/-/d3-voronoi-1.1.4.tgz",
      "integrity": "sha512-dArJ32hchFsrQ8uMiTBLq256MpnZjeuBtdHpaDlYuQyjU0CVzCJl/BVW+SkszaAeH95D/8gxqAhgx0ouAWAfRg=="
    },
    "node_modules/delaunator": {
      "version": "4.0.1",
      "resolved": "https://registry.npmjs.org/delaunator/-/delaunator-4.0.1.tgz",
      "integrity": "sha512-WNPWi1IRKZfCt/qIDMfERkDp93+iZEmOxN2yy4Jg+Xhv8SLk2UTqqbe1sfiipn0and9QrE914/ihdx82Y/Giag=="
    },
    "node_modules/delaunay-find": {
      "version": "0.0.6",
      "resolved": "https://registry.npmjs.org/delaunay-find/-/delaunay-find-0.0.6.tgz",
      "integrity": "sha512-1+almjfrnR7ZamBk0q3Nhg6lqSe6Le4vL0WJDSMx4IDbQwTpUTXPjxC00lqLBT8MYsJpPCbI16sIkw9cPsbi7Q==",
      "dependencies": {
        "delaunator": "^4.0.0"
      }
    },
    "node_modules/js-tokens": {
      "version": "4.0.0",
      "resolved": "https://registry.npmjs.org/js-tokens/-/js-tokens-4.0.0.tgz",
      "integrity": "sha512-RdJUflcE3cUzKiMqQgsCu06FPu9UdIJO0beYbPhHN4k6apgJtifcoCtT9bcxOpYBtpD2kCM6Sbzg4CausW/PKQ=="
    },
    "node_modules/json-stringify-safe": {
      "version": "5.0.1",
      "resolved": "https://registry.npmjs.org/json-stringify-safe/-/json-stringify-safe-5.0.1.tgz",
      "integrity": "sha1-Epai1Y/UXxmg9s4B1lcB4sc1tus="
    },
    "node_modules/lodash": {
      "version": "4.17.21",
      "resolved": "https://registry.npmjs.org/lodash/-/lodash-4.17.21.tgz",
      "integrity": "sha512-v2kDEe57lecTulaDIuNTPy3Ry4gLGJ6Z1O3vE1krgXZNrsQ+LFTGHVxVjcXPs17LhbZVGedAJv8XZ1tvj5FvSg=="
    },
    "node_modules/loose-envify": {
      "version": "1.4.0",
      "resolved": "https://registry.npmjs.org/loose-envify/-/loose-envify-1.4.0.tgz",
      "integrity": "sha512-lyuxPGr/Wfhrlem2CL/UcnUc1zcqKAImBDzukY7Y5F/yQiNdko6+fRLevlw1HgMySw7f611UIY408EtxRSoK3Q==",
      "dependencies": {
        "js-tokens": "^3.0.0 || ^4.0.0"
      },
      "bin": {
        "loose-envify": "cli.js"
      }
    },
    "node_modules/object-assign": {
      "version": "4.1.1",
      "resolved": "https://registry.npmjs.org/object-assign/-/object-assign-4.1.1.tgz",
      "integrity": "sha1-IQmtx5ZYh8/AXLvUQsrIv7s2CGM=",
      "engines": {
        "node": ">=0.10.0"
      }
    },
    "node_modules/prop-types": {
      "version": "15.8.1",
      "resolved": "https://registry.npmjs.org/prop-types/-/prop-types-15.8.1.tgz",
      "integrity": "sha512-oj87CgZICdulUohogVAR7AjlC0327U4el4L6eAvOqCeudMDVU0NThNaV+b9Df4dXgSP1gXMTnPdhfe/2qDH5cg==",
      "dependencies": {
        "loose-envify": "^1.4.0",
        "object-assign": "^4.1.1",
        "react-is": "^16.13.1"
      }
    },
    "node_modules/prop-types/node_modules/react-is": {
      "version": "16.13.1",
      "resolved": "https://registry.npmjs.org/react-is/-/react-is-16.13.1.tgz",
      "integrity": "sha512-24e6ynE2H+OKt4kqsOvNd8kBpV65zoxbA4BVsEOB3ARVWQki/DHzaUoC5KuON/BiccDaCCTZBuOcfZs70kR8bQ=="
    },
    "node_modules/react": {
      "version": "17.0.2",
      "resolved": "https://registry.npmjs.org/react/-/react-17.0.2.tgz",
      "integrity": "sha512-gnhPt75i/dq/z3/6q/0asP78D0u592D5L1pd7M8P+dck6Fu/jJeL6iVVK23fptSUZj8Vjf++7wXA8UNclGQcbA==",
      "peer": true,
      "dependencies": {
        "loose-envify": "^1.1.0",
        "object-assign": "^4.1.1"
      },
      "engines": {
        "node": ">=0.10.0"
      }
    },
    "node_modules/react-fast-compare": {
      "version": "2.0.4",
      "resolved": "https://registry.npmjs.org/react-fast-compare/-/react-fast-compare-2.0.4.tgz",
      "integrity": "sha512-suNP+J1VU1MWFKcyt7RtjiSWUjvidmQSlqu+eHslq+342xCbGTYmC0mEhPCOHxlW0CywylOC1u2DFAT+bv4dBw=="
    },
    "node_modules/victory": {
      "version": "36.3.1",
      "resolved": "https://registry.npmjs.org/victory/-/victory-36.3.1.tgz",
      "integrity": "sha512-zqmld8hwkV9ysYRUIwfIR1/smjhLEr+m8XZ5xLPK7Io3BLUEcdeJd7bK/Edb4Scv91DodkF9d5DVmvyzEph89g==",
      "dependencies": {
        "victory-area": "^36.3.0",
        "victory-axis": "^36.3.0",
        "victory-bar": "^36.3.0",
        "victory-box-plot": "^36.3.0",
        "victory-brush-container": "^36.3.0",
        "victory-brush-line": "^36.3.0",
        "victory-candlestick": "^36.3.0",
        "victory-canvas": "^36.3.0",
        "victory-chart": "^36.3.0",
        "victory-core": "^36.3.0",
        "victory-create-container": "^36.3.1",
        "victory-cursor-container": "^36.3.0",
        "victory-errorbar": "^36.3.0",
        "victory-group": "^36.3.0",
        "victory-histogram": "^36.3.0",
        "victory-legend": "^36.3.0",
        "victory-line": "^36.3.0",
        "victory-pie": "^36.3.0",
        "victory-polar-axis": "^36.3.0",
        "victory-scatter": "^36.3.0",
        "victory-selection-container": "^36.3.0",
        "victory-shared-events": "^36.3.0",
        "victory-stack": "^36.3.0",
        "victory-tooltip": "^36.3.0",
        "victory-voronoi": "^36.3.0",
        "victory-voronoi-container": "^36.3.1",
        "victory-zoom-container": "^36.3.0"
      },
      "peerDependencies": {
        "react": "^16.6.0 || ^17.0.0"
      }
    },
    "node_modules/victory-area": {
      "version": "36.3.0",
      "resolved": "https://registry.npmjs.org/victory-area/-/victory-area-36.3.0.tgz",
      "integrity": "sha512-vf/vR+6k4VyeGOuRvc651fN3ItsU6NoGkHrtafCDmJ/KH9bcwgfQS9uZn0aXHC9Vr9rarbFFTrBC6/gLhBYSRA==",
      "dependencies": {
        "d3-shape": "^1.2.0",
        "lodash": "^4.17.19",
        "prop-types": "^15.5.8",
        "victory-core": "^36.3.0"
      },
      "peerDependencies": {
        "react": "^16.6.0 || ^17.0.0"
      }
    },
    "node_modules/victory-axis": {
      "version": "36.3.0",
      "resolved": "https://registry.npmjs.org/victory-axis/-/victory-axis-36.3.0.tgz",
      "integrity": "sha512-k4h27pN2RHd1TYLia4SbaFn8NHddf7Mzfmqt4WUCLYmkN+R3xQ3METD+X6kwfZmV6FffclJVoD1Errlar/mGdQ==",
      "dependencies": {
        "lodash": "^4.17.19",
        "prop-types": "^15.5.8",
        "victory-core": "^36.3.0"
      },
      "peerDependencies": {
        "react": "^16.6.0 || ^17.0.0"
      }
    },
    "node_modules/victory-bar": {
      "version": "36.3.0",
      "resolved": "https://registry.npmjs.org/victory-bar/-/victory-bar-36.3.0.tgz",
      "integrity": "sha512-8qitdaC2LYzxuQfbmsZLQ8VQksumbofD1ks0PimYM2exnBdo9nKi5GB0zuLVeuxvq36qlXUpPyH1VRUyUnCMPg==",
      "dependencies": {
        "d3-shape": "^1.2.0",
        "lodash": "^4.17.19",
        "prop-types": "^15.5.8",
        "victory-core": "^36.3.0"
      },
      "peerDependencies": {
        "react": "^16.6.0 || ^17.0.0"
      }
    },
    "node_modules/victory-box-plot": {
      "version": "36.3.0",
      "resolved": "https://registry.npmjs.org/victory-box-plot/-/victory-box-plot-36.3.0.tgz",
      "integrity": "sha512-FtRMRMoGxIqOKMx7bzU0h63BPeRh4tiMvR1xZ+n32SJOFFnTC9YwsCLM6o03lBx5af6PegV05JLZs6dVgKEMcA==",
      "dependencies": {
        "d3-array": "^1.2.0",
        "lodash": "^4.17.19",
        "prop-types": "^15.5.8",
        "victory-core": "^36.3.0"
      },
      "peerDependencies": {
        "react": "^16.6.0 || ^17.0.0"
      }
    },
    "node_modules/victory-brush-container": {
      "version": "36.3.0",
      "resolved": "https://registry.npmjs.org/victory-brush-container/-/victory-brush-container-36.3.0.tgz",
      "integrity": "sha512-iaal/Dn5o113TFZ2i4GIApZq6lsfSx9MwD+1cQ8yEC67/Krzn127AfDXfPYKUiFhD+NvmCTg8OGsryt4MEHbsw==",
      "dependencies": {
        "lodash": "^4.17.19",
        "prop-types": "^15.5.8",
        "react-fast-compare": "^2.0.0",
        "victory-core": "^36.3.0"
      },
      "peerDependencies": {
        "react": "^16.6.0 || ^17.0.0"
      }
    },
    "node_modules/victory-brush-line": {
      "version": "36.3.0",
      "resolved": "https://registry.npmjs.org/victory-brush-line/-/victory-brush-line-36.3.0.tgz",
      "integrity": "sha512-idOU6G1xcS780QR7GEEdBqd+48SQPxzo8pxC3eqdN0IUhdIcEZF/untJhehQiQrt8MFvMQLnpW2k1JaqnV2Peg==",
      "dependencies": {
        "lodash": "^4.17.19",
        "prop-types": "^15.5.8",
        "react-fast-compare": "^2.0.0",
        "victory-core": "^36.3.0"
      },
      "peerDependencies": {
        "react": "^16.6.0 || ^17.0.0"
      }
    },
    "node_modules/victory-candlestick": {
      "version": "36.3.0",
      "resolved": "https://registry.npmjs.org/victory-candlestick/-/victory-candlestick-36.3.0.tgz",
      "integrity": "sha512-I2LnJDi/wmYhNyLE3GqJwsxJi/rx0ixY3G5tW3Wp+zmzC3qXfJ8ucU+3qNfL3pj5z5Jda1KYYo0Ei6Rq2k4jwg==",
      "dependencies": {
        "lodash": "^4.17.19",
        "prop-types": "^15.5.8",
        "victory-core": "^36.3.0"
      },
      "peerDependencies": {
        "react": "^16.6.0 || ^17.0.0"
      }
    },
    "node_modules/victory-canvas": {
      "version": "36.3.0",
      "resolved": "https://registry.npmjs.org/victory-canvas/-/victory-canvas-36.3.0.tgz",
      "integrity": "sha512-FQfjjZ7YzBPnVvxg1WMFDeXOcLHRXAD7t6qxS0sDcwGerJ8dn51Iel/Kd+jKiXT25W34pUqMh+cUsGIwkpTsZQ==",
      "dependencies": {
        "lodash": "^4.17.19",
        "prop-types": "^15.5.8",
        "victory-core": "^36.3.0"
      },
      "peerDependencies": {
        "react": "^16.6.0 || ^17.0.0"
      }
    },
    "node_modules/victory-chart": {
      "version": "36.3.0",
      "resolved": "https://registry.npmjs.org/victory-chart/-/victory-chart-36.3.0.tgz",
      "integrity": "sha512-8BM/xUavO6ineRzhycehHCvf3NT5Z+8YepdvVOVX6PGJUx9rvmZCAVDlB6fDh7kuDdq5mtDFzos+B+BglC1rcA==",
      "dependencies": {
        "lodash": "^4.17.19",
        "prop-types": "^15.5.8",
        "react-fast-compare": "^2.0.0",
        "victory-axis": "^36.3.0",
        "victory-core": "^36.3.0",
        "victory-polar-axis": "^36.3.0",
        "victory-shared-events": "^36.3.0"
      },
      "peerDependencies": {
        "react": "^16.6.0 || ^17.0.0"
      }
    },
    "node_modules/victory-core": {
      "version": "36.3.0",
      "resolved": "https://registry.npmjs.org/victory-core/-/victory-core-36.3.0.tgz",
      "integrity": "sha512-X75h6FvLCO+9u/PbCkHat7CmcOeJrkTLz0uUhLqryofJN81nfZ7VamRDfw5KxDWYlCB5hmxX+dfjzteaqndgeA==",
      "dependencies": {
        "d3-ease": "^1.0.0",
        "d3-interpolate": "^1.1.1",
        "d3-scale": "^1.0.0",
        "d3-shape": "^1.2.0",
        "d3-timer": "^1.0.0",
        "lodash": "^4.17.21",
        "prop-types": "^15.5.8",
        "react-fast-compare": "^2.0.0"
      },
      "peerDependencies": {
        "react": "^16.6.0 || ^17.0.0"
      }
    },
    "node_modules/victory-create-container": {
      "version": "36.3.1",
      "resolved": "https://registry.npmjs.org/victory-create-container/-/victory-create-container-36.3.1.tgz",
      "integrity": "sha512-ved4WQH7UxhQZAHZsRK/B/bqIvQZi6EeHR7CkCgvanjYY3mkCM/avv9TNC5RzrNp/DeRC2xdFoBGVuUaLPLnTw==",
      "dependencies": {
        "lodash": "^4.17.19",
        "victory-brush-container": "^36.3.0",
        "victory-core": "^36.3.0",
        "victory-cursor-container": "^36.3.0",
        "victory-selection-container": "^36.3.0",
        "victory-voronoi-container": "^36.3.1",
        "victory-zoom-container": "^36.3.0"
      },
      "peerDependencies": {
        "react": "^16.6.0 || ^17.0.0"
      }
    },
    "node_modules/victory-cursor-container": {
      "version": "36.3.0",
      "resolved": "https://registry.npmjs.org/victory-cursor-container/-/victory-cursor-container-36.3.0.tgz",
      "integrity": "sha512-iR+8R1kEul22tifSxr8lnyR0kJ9Wb4VGCVyLgH3VGiJkmbaTRLt0fvKxP+sFbrVIngxTemiVuFBi+nwi48lpAA==",
      "dependencies": {
        "lodash": "^4.17.19",
        "prop-types": "^15.5.8",
        "victory-core": "^36.3.0"
      },
      "peerDependencies": {
        "react": "^16.6.0 || ^17.0.0"
      }
    },
    "node_modules/victory-errorbar": {
      "version": "36.3.0",
      "resolved": "https://registry.npmjs.org/victory-errorbar/-/victory-errorbar-36.3.0.tgz",
      "integrity": "sha512-Pa/p/36KH45xBivuJsmHZRiWjVJWAqMzRKZrBrY4sPmItq5KMgmDYJLzMgl4F+ZFCIUt6OQP38MnOq47EgOkFg==",
      "dependencies": {
        "lodash": "^4.17.19",
        "prop-types": "^15.5.8",
        "victory-core": "^36.3.0"
      },
      "peerDependencies": {
        "react": "^16.6.0 || ^17.0.0"
      }
    },
    "node_modules/victory-group": {
      "version": "36.3.0",
      "resolved": "https://registry.npmjs.org/victory-group/-/victory-group-36.3.0.tgz",
      "integrity": "sha512-JsO/CMxQrGOv+GK55ssTWtcASVyC2Y9kJ0a6xWyGKAWufGDehvdmwg2HxAcx9QeIu9vQ0qQOYc3Yk2/DwW0bJQ==",
      "dependencies": {
        "lodash": "^4.17.19",
        "prop-types": "^15.5.8",
        "react-fast-compare": "^2.0.0",
        "victory-core": "^36.3.0",
        "victory-shared-events": "^36.3.0"
      },
      "peerDependencies": {
        "react": "^16.6.0 || ^17.0.0"
      }
    },
    "node_modules/victory-histogram": {
      "version": "36.3.0",
      "resolved": "https://registry.npmjs.org/victory-histogram/-/victory-histogram-36.3.0.tgz",
      "integrity": "sha512-C1IlANqjiUMOzvpaDQZKLgMVf9wEhYBVm9SpGAHmMSo45fGH89Knp+PgKMFKom2BXjuBPAyZjETdulTKDPOHsw==",
      "dependencies": {
        "d3-array": "~2.3.0",
        "d3-scale": "^1.0.0",
        "lodash": "^4.17.19",
        "prop-types": "^15.5.8",
        "react-fast-compare": "^2.0.0",
        "victory-bar": "^36.3.0",
        "victory-core": "^36.3.0"
      },
      "peerDependencies": {
        "react": "^16.6.0 || ^17.0.0"
      }
    },
    "node_modules/victory-histogram/node_modules/d3-array": {
      "version": "2.3.3",
      "resolved": "https://registry.npmjs.org/d3-array/-/d3-array-2.3.3.tgz",
      "integrity": "sha512-syv3wp0U5aB6toP2zb2OdBkhTy1MWDsCAaYk6OXJZv+G4u7bSWEmYgxLoFyc88RQUhZYGCebW9a9UD1gFi5+MQ=="
    },
    "node_modules/victory-legend": {
      "version": "36.3.0",
      "resolved": "https://registry.npmjs.org/victory-legend/-/victory-legend-36.3.0.tgz",
      "integrity": "sha512-5gaUBXQcJfA4BQpatCG1X/evAgrzBfMIHhbEkwH4jCtt9aVU+b2qMYRs7nw+Rnzz5Cicb6cwajHgem9mv3E04w==",
      "dependencies": {
        "lodash": "^4.17.19",
        "prop-types": "^15.5.8",
        "victory-core": "^36.3.0"
      },
      "peerDependencies": {
        "react": "^16.6.0 || ^17.0.0"
      }
    },
    "node_modules/victory-line": {
      "version": "36.3.0",
      "resolved": "https://registry.npmjs.org/victory-line/-/victory-line-36.3.0.tgz",
      "integrity": "sha512-qLDHBcmFRMytKACgDt3z6ktuqTNKHvVPifoSrAnORfFlXxMJlGB8+XZAGeAP6DeC5jDOb+sc6DFKzSOIvFLnqA==",
      "dependencies": {
        "d3-shape": "^1.2.0",
        "lodash": "^4.17.19",
        "prop-types": "^15.5.8",
        "victory-core": "^36.3.0"
      },
      "peerDependencies": {
        "react": "^16.6.0 || ^17.0.0"
      }
    },
    "node_modules/victory-pie": {
      "version": "36.3.0",
      "resolved": "https://registry.npmjs.org/victory-pie/-/victory-pie-36.3.0.tgz",
      "integrity": "sha512-ZApiB4OW2l6vHSxRZpaqklQ9gnOshqqZBCHgcyr2kbx+oLJMeKi+mJbh/YS1btFCPwL7bSSO4EYdBuaGyAX9VA==",
      "dependencies": {
        "d3-shape": "^1.0.0",
        "lodash": "^4.17.19",
        "prop-types": "^15.5.8",
        "victory-core": "^36.3.0"
      },
      "peerDependencies": {
        "react": "^16.6.0 || ^17.0.0"
      }
    },
    "node_modules/victory-polar-axis": {
      "version": "36.3.0",
      "resolved": "https://registry.npmjs.org/victory-polar-axis/-/victory-polar-axis-36.3.0.tgz",
      "integrity": "sha512-xbxHDMJi3CG1dB8ATiURNg0NVVECk0z82soAwVSA5jPmGRmW4t8ByKBfSsw/ommeDclJ95X8+jtR1Jxd+mjsfw==",
      "dependencies": {
        "lodash": "^4.17.19",
        "prop-types": "^15.5.8",
        "victory-core": "^36.3.0"
      },
      "peerDependencies": {
        "react": "^16.6.0 || ^17.0.0"
      }
    },
    "node_modules/victory-scatter": {
      "version": "36.3.0",
      "resolved": "https://registry.npmjs.org/victory-scatter/-/victory-scatter-36.3.0.tgz",
      "integrity": "sha512-PfgM/y7tV/e1Y3ew5R2wvM1O11+EXoToQ2KR0/WTzybwD6R5OghgbcM1xS2NUCtOeubYDkkXjBogZc0rDyyfjA==",
      "dependencies": {
        "lodash": "^4.17.19",
        "prop-types": "^15.5.8",
        "victory-core": "^36.3.0"
      },
      "peerDependencies": {
        "react": "^16.6.0 || ^17.0.0"
      }
    },
    "node_modules/victory-selection-container": {
      "version": "36.3.0",
      "resolved": "https://registry.npmjs.org/victory-selection-container/-/victory-selection-container-36.3.0.tgz",
      "integrity": "sha512-RdFkmxoy2HkbZ9ebuj5Mlx+/OTtPjoUO+FYXItc/Le+HWcGNvkhzmyfZJ+JZAi7atwevCEQawsdUHslIf9mZig==",
      "dependencies": {
        "lodash": "^4.17.19",
        "prop-types": "^15.5.8",
        "victory-core": "^36.3.0"
      },
      "peerDependencies": {
        "react": "^16.6.0 || ^17.0.0"
      }
    },
    "node_modules/victory-shared-events": {
      "version": "36.3.0",
      "resolved": "https://registry.npmjs.org/victory-shared-events/-/victory-shared-events-36.3.0.tgz",
      "integrity": "sha512-XnTzwlRy7uUgBm8NW1tLn4wx3M4lkFO/jA3DHFMYgCVzq+Fu7Tu+BmMPZ8m5DxZFwxKP4HVlYuYKwoQu7yerWA==",
      "dependencies": {
        "json-stringify-safe": "^5.0.1",
        "lodash": "^4.17.19",
        "prop-types": "^15.5.8",
        "react-fast-compare": "^2.0.0",
        "victory-core": "^36.3.0"
      },
      "peerDependencies": {
        "react": "^16.6.0 || ^17.0.0"
      }
    },
    "node_modules/victory-stack": {
      "version": "36.3.0",
      "resolved": "https://registry.npmjs.org/victory-stack/-/victory-stack-36.3.0.tgz",
      "integrity": "sha512-QtW+UReATWUojUyv2II+i0d+RonLRcxFIhCFPO4Eo6tHS7ZqvBQWii0N3FRlbl65h2jW4By+xjoNxyHoSsbJJQ==",
      "dependencies": {
        "lodash": "^4.17.19",
        "prop-types": "^15.5.8",
        "react-fast-compare": "^2.0.0",
        "victory-core": "^36.3.0",
        "victory-shared-events": "^36.3.0"
      },
      "peerDependencies": {
        "react": "^16.6.0 || ^17.0.0"
      }
    },
    "node_modules/victory-tooltip": {
      "version": "36.3.0",
      "resolved": "https://registry.npmjs.org/victory-tooltip/-/victory-tooltip-36.3.0.tgz",
      "integrity": "sha512-GM8hOmbcKZRQCtWDi9bJrqvjUEryqwXcw8onz5sFGvPPONLu7nYKCO0s6/m3wCHqAWqotPpu6FTtxXSChYJ6kA==",
      "dependencies": {
        "lodash": "^4.17.19",
        "prop-types": "^15.5.8",
        "victory-core": "^36.3.0"
      },
      "peerDependencies": {
        "react": "^16.6.0 || ^17.0.0"
      }
    },
    "node_modules/victory-voronoi": {
      "version": "36.3.0",
      "resolved": "https://registry.npmjs.org/victory-voronoi/-/victory-voronoi-36.3.0.tgz",
      "integrity": "sha512-P+DMO+mLtpqsH1rfnLBBKanObnk55X44km+eIiqr3NuFJBVOT5XCaiv2p6gbU1adv5ciAxxpN6KAo8TgZwupgg==",
      "dependencies": {
        "d3-voronoi": "^1.1.2",
        "lodash": "^4.17.19",
        "prop-types": "^15.5.8",
        "victory-core": "^36.3.0"
      },
      "peerDependencies": {
        "react": "^16.6.0 || ^17.0.0"
      }
    },
    "node_modules/victory-voronoi-container": {
      "version": "36.3.1",
      "resolved": "https://registry.npmjs.org/victory-voronoi-container/-/victory-voronoi-container-36.3.1.tgz",
      "integrity": "sha512-bFznyx0dLRb84nrGhOslN/e/3mfEGCmlPbvEFv8SGBVZxvAQv2go4byhZx4qvFbcKf2Wyx8svyxCsfS9g/OsEw==",
      "dependencies": {
        "delaunay-find": "0.0.6",
        "lodash": "^4.17.19",
        "prop-types": "^15.5.8",
        "react-fast-compare": "^2.0.0",
        "victory-core": "^36.3.0",
        "victory-tooltip": "^36.3.0"
      },
      "peerDependencies": {
        "react": "^16.6.0 || ^17.0.0"
      }
    },
    "node_modules/victory-zoom-container": {
      "version": "36.3.0",
      "resolved": "https://registry.npmjs.org/victory-zoom-container/-/victory-zoom-container-36.3.0.tgz",
      "integrity": "sha512-FG+nh5pi4xCP7EBI+rtc0q3U6RrkOW+ophOgpGCpNGswvvuREl+DtdS/dPjYk+Ktt45f1qmVrT26ovJ4IiMKEA==",
      "dependencies": {
        "lodash": "^4.17.19",
        "prop-types": "^15.5.8",
        "victory-core": "^36.3.0"
      },
      "peerDependencies": {
        "react": "^16.6.0 || ^17.0.0"
      }
    }
  },
  "dependencies": {
    "d3-array": {
      "version": "1.2.4",
      "resolved": "https://registry.npmjs.org/d3-array/-/d3-array-1.2.4.tgz",
      "integrity": "sha512-KHW6M86R+FUPYGb3R5XiYjXPq7VzwxZ22buHhAEVG5ztoEcZZMLov530mmccaqA1GghZArjQV46fuc8kUqhhHw=="
    },
    "d3-collection": {
      "version": "1.0.7",
      "resolved": "https://registry.npmjs.org/d3-collection/-/d3-collection-1.0.7.tgz",
      "integrity": "sha512-ii0/r5f4sjKNTfh84Di+DpztYwqKhEyUlKoPrzUFfeSkWxjW49xU2QzO9qrPrNkpdI0XJkfzvmTu8V2Zylln6A=="
    },
    "d3-color": {
      "version": "1.4.1",
      "resolved": "https://registry.npmjs.org/d3-color/-/d3-color-1.4.1.tgz",
      "integrity": "sha512-p2sTHSLCJI2QKunbGb7ocOh7DgTAn8IrLx21QRc/BSnodXM4sv6aLQlnfpvehFMLZEfBc6g9pH9SWQccFYfJ9Q=="
    },
    "d3-ease": {
      "version": "1.0.7",
      "resolved": "https://registry.npmjs.org/d3-ease/-/d3-ease-1.0.7.tgz",
      "integrity": "sha512-lx14ZPYkhNx0s/2HX5sLFUI3mbasHjSSpwO/KaaNACweVwxUruKyWVcb293wMv1RqTPZyZ8kSZ2NogUZNcLOFQ=="
    },
    "d3-format": {
      "version": "1.4.5",
      "resolved": "https://registry.npmjs.org/d3-format/-/d3-format-1.4.5.tgz",
      "integrity": "sha512-J0piedu6Z8iB6TbIGfZgDzfXxUFN3qQRMofy2oPdXzQibYGqPB/9iMcxr/TGalU+2RsyDO+U4f33id8tbnSRMQ=="
    },
    "d3-interpolate": {
      "version": "1.4.0",
      "resolved": "https://registry.npmjs.org/d3-interpolate/-/d3-interpolate-1.4.0.tgz",
      "integrity": "sha512-V9znK0zc3jOPV4VD2zZn0sDhZU3WAE2bmlxdIwwQPPzPjvyLkd8B3JUVdS1IDUFDkWZ72c9qnv1GK2ZagTZ8EA==",
      "requires": {
        "d3-color": "1"
      }
    },
    "d3-path": {
      "version": "1.0.9",
      "resolved": "https://registry.npmjs.org/d3-path/-/d3-path-1.0.9.tgz",
      "integrity": "sha512-VLaYcn81dtHVTjEHd8B+pbe9yHWpXKZUC87PzoFmsFrJqgFwDe/qxfp5MlfsfM1V5E/iVt0MmEbWQ7FVIXh/bg=="
    },
    "d3-scale": {
      "version": "1.0.7",
      "resolved": "https://registry.npmjs.org/d3-scale/-/d3-scale-1.0.7.tgz",
      "integrity": "sha512-KvU92czp2/qse5tUfGms6Kjig0AhHOwkzXG0+PqIJB3ke0WUv088AHMZI0OssO9NCkXt4RP8yju9rpH8aGB7Lw==",
      "requires": {
        "d3-array": "^1.2.0",
        "d3-collection": "1",
        "d3-color": "1",
        "d3-format": "1",
        "d3-interpolate": "1",
        "d3-time": "1",
        "d3-time-format": "2"
      }
    },
    "d3-shape": {
      "version": "1.3.7",
      "resolved": "https://registry.npmjs.org/d3-shape/-/d3-shape-1.3.7.tgz",
      "integrity": "sha512-EUkvKjqPFUAZyOlhY5gzCxCeI0Aep04LwIRpsZ/mLFelJiUfnK56jo5JMDSE7yyP2kLSb6LtF+S5chMk7uqPqw==",
      "requires": {
        "d3-path": "1"
      }
    },
    "d3-time": {
      "version": "1.1.0",
      "resolved": "https://registry.npmjs.org/d3-time/-/d3-time-1.1.0.tgz",
      "integrity": "sha512-Xh0isrZ5rPYYdqhAVk8VLnMEidhz5aP7htAADH6MfzgmmicPkTo8LhkLxci61/lCB7n7UmE3bN0leRt+qvkLxA=="
    },
    "d3-time-format": {
      "version": "2.3.0",
      "resolved": "https://registry.npmjs.org/d3-time-format/-/d3-time-format-2.3.0.tgz",
      "integrity": "sha512-guv6b2H37s2Uq/GefleCDtbe0XZAuy7Wa49VGkPVPMfLL9qObgBST3lEHJBMUp8S7NdLQAGIvr2KXk8Hc98iKQ==",
      "requires": {
        "d3-time": "1"
      }
    },
    "d3-timer": {
      "version": "1.0.10",
      "resolved": "https://registry.npmjs.org/d3-timer/-/d3-timer-1.0.10.tgz",
      "integrity": "sha512-B1JDm0XDaQC+uvo4DT79H0XmBskgS3l6Ve+1SBCfxgmtIb1AVrPIoqd+nPSv+loMX8szQ0sVUhGngL7D5QPiXw=="
    },
    "d3-voronoi": {
      "version": "1.1.4",
      "resolved": "https://registry.npmjs.org/d3-voronoi/-/d3-voronoi-1.1.4.tgz",
      "integrity": "sha512-dArJ32hchFsrQ8uMiTBLq256MpnZjeuBtdHpaDlYuQyjU0CVzCJl/BVW+SkszaAeH95D/8gxqAhgx0ouAWAfRg=="
    },
    "delaunator": {
      "version": "4.0.1",
      "resolved": "https://registry.npmjs.org/delaunator/-/delaunator-4.0.1.tgz",
      "integrity": "sha512-WNPWi1IRKZfCt/qIDMfERkDp93+iZEmOxN2yy4Jg+Xhv8SLk2UTqqbe1sfiipn0and9QrE914/ihdx82Y/Giag=="
    },
    "delaunay-find": {
      "version": "0.0.6",
      "resolved": "https://registry.npmjs.org/delaunay-find/-/delaunay-find-0.0.6.tgz",
      "integrity": "sha512-1+almjfrnR7ZamBk0q3Nhg6lqSe6Le4vL0WJDSMx4IDbQwTpUTXPjxC00lqLBT8MYsJpPCbI16sIkw9cPsbi7Q==",
      "requires": {
        "delaunator": "^4.0.0"
      }
    },
    "js-tokens": {
      "version": "4.0.0",
      "resolved": "https://registry.npmjs.org/js-tokens/-/js-tokens-4.0.0.tgz",
      "integrity": "sha512-RdJUflcE3cUzKiMqQgsCu06FPu9UdIJO0beYbPhHN4k6apgJtifcoCtT9bcxOpYBtpD2kCM6Sbzg4CausW/PKQ=="
    },
    "json-stringify-safe": {
      "version": "5.0.1",
      "resolved": "https://registry.npmjs.org/json-stringify-safe/-/json-stringify-safe-5.0.1.tgz",
      "integrity": "sha1-Epai1Y/UXxmg9s4B1lcB4sc1tus="
    },
    "lodash": {
      "version": "4.17.21",
      "resolved": "https://registry.npmjs.org/lodash/-/lodash-4.17.21.tgz",
      "integrity": "sha512-v2kDEe57lecTulaDIuNTPy3Ry4gLGJ6Z1O3vE1krgXZNrsQ+LFTGHVxVjcXPs17LhbZVGedAJv8XZ1tvj5FvSg=="
    },
    "loose-envify": {
      "version": "1.4.0",
      "resolved": "https://registry.npmjs.org/loose-envify/-/loose-envify-1.4.0.tgz",
      "integrity": "sha512-lyuxPGr/Wfhrlem2CL/UcnUc1zcqKAImBDzukY7Y5F/yQiNdko6+fRLevlw1HgMySw7f611UIY408EtxRSoK3Q==",
      "requires": {
        "js-tokens": "^3.0.0 || ^4.0.0"
      }
    },
    "object-assign": {
      "version": "4.1.1",
      "resolved": "https://registry.npmjs.org/object-assign/-/object-assign-4.1.1.tgz",
      "integrity": "sha1-IQmtx5ZYh8/AXLvUQsrIv7s2CGM="
    },
    "prop-types": {
      "version": "15.8.1",
      "resolved": "https://registry.npmjs.org/prop-types/-/prop-types-15.8.1.tgz",
      "integrity": "sha512-oj87CgZICdulUohogVAR7AjlC0327U4el4L6eAvOqCeudMDVU0NThNaV+b9Df4dXgSP1gXMTnPdhfe/2qDH5cg==",
      "requires": {
        "loose-envify": "^1.4.0",
        "object-assign": "^4.1.1",
        "react-is": "^16.13.1"
      },
      "dependencies": {
        "react-is": {
          "version": "16.13.1",
          "resolved": "https://registry.npmjs.org/react-is/-/react-is-16.13.1.tgz",
          "integrity": "sha512-24e6ynE2H+OKt4kqsOvNd8kBpV65zoxbA4BVsEOB3ARVWQki/DHzaUoC5KuON/BiccDaCCTZBuOcfZs70kR8bQ=="
        }
      }
    },
    "react": {
      "version": "17.0.2",
      "resolved": "https://registry.npmjs.org/react/-/react-17.0.2.tgz",
      "integrity": "sha512-gnhPt75i/dq/z3/6q/0asP78D0u592D5L1pd7M8P+dck6Fu/jJeL6iVVK23fptSUZj8Vjf++7wXA8UNclGQcbA==",
      "peer": true,
      "requires": {
        "loose-envify": "^1.1.0",
        "object-assign": "^4.1.1"
      }
    },
    "react-fast-compare": {
      "version": "2.0.4",
      "resolved": "https://registry.npmjs.org/react-fast-compare/-/react-fast-compare-2.0.4.tgz",
      "integrity": "sha512-suNP+J1VU1MWFKcyt7RtjiSWUjvidmQSlqu+eHslq+342xCbGTYmC0mEhPCOHxlW0CywylOC1u2DFAT+bv4dBw=="
    },
    "victory": {
      "version": "36.3.1",
      "resolved": "https://registry.npmjs.org/victory/-/victory-36.3.1.tgz",
      "integrity": "sha512-zqmld8hwkV9ysYRUIwfIR1/smjhLEr+m8XZ5xLPK7Io3BLUEcdeJd7bK/Edb4Scv91DodkF9d5DVmvyzEph89g==",
      "requires": {
        "victory-area": "^36.3.0",
        "victory-axis": "^36.3.0",
        "victory-bar": "^36.3.0",
        "victory-box-plot": "^36.3.0",
        "victory-brush-container": "^36.3.0",
        "victory-brush-line": "^36.3.0",
        "victory-candlestick": "^36.3.0",
        "victory-canvas": "^36.3.0",
        "victory-chart": "^36.3.0",
        "victory-core": "^36.3.0",
        "victory-create-container": "^36.3.1",
        "victory-cursor-container": "^36.3.0",
        "victory-errorbar": "^36.3.0",
        "victory-group": "^36.3.0",
        "victory-histogram": "^36.3.0",
        "victory-legend": "^36.3.0",
        "victory-line": "^36.3.0",
        "victory-pie": "^36.3.0",
        "victory-polar-axis": "^36.3.0",
        "victory-scatter": "^36.3.0",
        "victory-selection-container": "^36.3.0",
        "victory-shared-events": "^36.3.0",
        "victory-stack": "^36.3.0",
        "victory-tooltip": "^36.3.0",
        "victory-voronoi": "^36.3.0",
        "victory-voronoi-container": "^36.3.1",
        "victory-zoom-container": "^36.3.0"
      }
    },
    "victory-area": {
      "version": "36.3.0",
      "resolved": "https://registry.npmjs.org/victory-area/-/victory-area-36.3.0.tgz",
      "integrity": "sha512-vf/vR+6k4VyeGOuRvc651fN3ItsU6NoGkHrtafCDmJ/KH9bcwgfQS9uZn0aXHC9Vr9rarbFFTrBC6/gLhBYSRA==",
      "requires": {
        "d3-shape": "^1.2.0",
        "lodash": "^4.17.19",
        "prop-types": "^15.5.8",
        "victory-core": "^36.3.0"
      }
    },
    "victory-axis": {
      "version": "36.3.0",
      "resolved": "https://registry.npmjs.org/victory-axis/-/victory-axis-36.3.0.tgz",
      "integrity": "sha512-k4h27pN2RHd1TYLia4SbaFn8NHddf7Mzfmqt4WUCLYmkN+R3xQ3METD+X6kwfZmV6FffclJVoD1Errlar/mGdQ==",
      "requires": {
        "lodash": "^4.17.19",
        "prop-types": "^15.5.8",
        "victory-core": "^36.3.0"
      }
    },
    "victory-bar": {
      "version": "36.3.0",
      "resolved": "https://registry.npmjs.org/victory-bar/-/victory-bar-36.3.0.tgz",
      "integrity": "sha512-8qitdaC2LYzxuQfbmsZLQ8VQksumbofD1ks0PimYM2exnBdo9nKi5GB0zuLVeuxvq36qlXUpPyH1VRUyUnCMPg==",
      "requires": {
        "d3-shape": "^1.2.0",
        "lodash": "^4.17.19",
        "prop-types": "^15.5.8",
        "victory-core": "^36.3.0"
      }
    },
    "victory-box-plot": {
      "version": "36.3.0",
      "resolved": "https://registry.npmjs.org/victory-box-plot/-/victory-box-plot-36.3.0.tgz",
      "integrity": "sha512-FtRMRMoGxIqOKMx7bzU0h63BPeRh4tiMvR1xZ+n32SJOFFnTC9YwsCLM6o03lBx5af6PegV05JLZs6dVgKEMcA==",
      "requires": {
        "d3-array": "^1.2.0",
        "lodash": "^4.17.19",
        "prop-types": "^15.5.8",
        "victory-core": "^36.3.0"
      }
    },
    "victory-brush-container": {
      "version": "36.3.0",
      "resolved": "https://registry.npmjs.org/victory-brush-container/-/victory-brush-container-36.3.0.tgz",
      "integrity": "sha512-iaal/Dn5o113TFZ2i4GIApZq6lsfSx9MwD+1cQ8yEC67/Krzn127AfDXfPYKUiFhD+NvmCTg8OGsryt4MEHbsw==",
      "requires": {
        "lodash": "^4.17.19",
        "prop-types": "^15.5.8",
        "react-fast-compare": "^2.0.0",
        "victory-core": "^36.3.0"
      }
    },
    "victory-brush-line": {
      "version": "36.3.0",
      "resolved": "https://registry.npmjs.org/victory-brush-line/-/victory-brush-line-36.3.0.tgz",
      "integrity": "sha512-idOU6G1xcS780QR7GEEdBqd+48SQPxzo8pxC3eqdN0IUhdIcEZF/untJhehQiQrt8MFvMQLnpW2k1JaqnV2Peg==",
      "requires": {
        "lodash": "^4.17.19",
        "prop-types": "^15.5.8",
        "react-fast-compare": "^2.0.0",
        "victory-core": "^36.3.0"
      }
    },
    "victory-candlestick": {
      "version": "36.3.0",
      "resolved": "https://registry.npmjs.org/victory-candlestick/-/victory-candlestick-36.3.0.tgz",
      "integrity": "sha512-I2LnJDi/wmYhNyLE3GqJwsxJi/rx0ixY3G5tW3Wp+zmzC3qXfJ8ucU+3qNfL3pj5z5Jda1KYYo0Ei6Rq2k4jwg==",
      "requires": {
        "lodash": "^4.17.19",
        "prop-types": "^15.5.8",
        "victory-core": "^36.3.0"
      }
    },
    "victory-canvas": {
      "version": "36.3.0",
      "resolved": "https://registry.npmjs.org/victory-canvas/-/victory-canvas-36.3.0.tgz",
      "integrity": "sha512-FQfjjZ7YzBPnVvxg1WMFDeXOcLHRXAD7t6qxS0sDcwGerJ8dn51Iel/Kd+jKiXT25W34pUqMh+cUsGIwkpTsZQ==",
      "requires": {
        "lodash": "^4.17.19",
        "prop-types": "^15.5.8",
        "victory-core": "^36.3.0"
      }
    },
    "victory-chart": {
      "version": "36.3.0",
      "resolved": "https://registry.npmjs.org/victory-chart/-/victory-chart-36.3.0.tgz",
      "integrity": "sha512-8BM/xUavO6ineRzhycehHCvf3NT5Z+8YepdvVOVX6PGJUx9rvmZCAVDlB6fDh7kuDdq5mtDFzos+B+BglC1rcA==",
      "requires": {
        "lodash": "^4.17.19",
        "prop-types": "^15.5.8",
        "react-fast-compare": "^2.0.0",
        "victory-axis": "^36.3.0",
        "victory-core": "^36.3.0",
        "victory-polar-axis": "^36.3.0",
        "victory-shared-events": "^36.3.0"
      }
    },
    "victory-core": {
      "version": "36.3.0",
      "resolved": "https://registry.npmjs.org/victory-core/-/victory-core-36.3.0.tgz",
      "integrity": "sha512-X75h6FvLCO+9u/PbCkHat7CmcOeJrkTLz0uUhLqryofJN81nfZ7VamRDfw5KxDWYlCB5hmxX+dfjzteaqndgeA==",
      "requires": {
        "d3-ease": "^1.0.0",
        "d3-interpolate": "^1.1.1",
        "d3-scale": "^1.0.0",
        "d3-shape": "^1.2.0",
        "d3-timer": "^1.0.0",
        "lodash": "^4.17.21",
        "prop-types": "^15.5.8",
        "react-fast-compare": "^2.0.0"
      }
    },
    "victory-create-container": {
      "version": "36.3.1",
      "resolved": "https://registry.npmjs.org/victory-create-container/-/victory-create-container-36.3.1.tgz",
      "integrity": "sha512-ved4WQH7UxhQZAHZsRK/B/bqIvQZi6EeHR7CkCgvanjYY3mkCM/avv9TNC5RzrNp/DeRC2xdFoBGVuUaLPLnTw==",
      "requires": {
        "lodash": "^4.17.19",
        "victory-brush-container": "^36.3.0",
        "victory-core": "^36.3.0",
        "victory-cursor-container": "^36.3.0",
        "victory-selection-container": "^36.3.0",
        "victory-voronoi-container": "^36.3.1",
        "victory-zoom-container": "^36.3.0"
      }
    },
    "victory-cursor-container": {
      "version": "36.3.0",
      "resolved": "https://registry.npmjs.org/victory-cursor-container/-/victory-cursor-container-36.3.0.tgz",
      "integrity": "sha512-iR+8R1kEul22tifSxr8lnyR0kJ9Wb4VGCVyLgH3VGiJkmbaTRLt0fvKxP+sFbrVIngxTemiVuFBi+nwi48lpAA==",
      "requires": {
        "lodash": "^4.17.19",
        "prop-types": "^15.5.8",
        "victory-core": "^36.3.0"
      }
    },
    "victory-errorbar": {
      "version": "36.3.0",
      "resolved": "https://registry.npmjs.org/victory-errorbar/-/victory-errorbar-36.3.0.tgz",
      "integrity": "sha512-Pa/p/36KH45xBivuJsmHZRiWjVJWAqMzRKZrBrY4sPmItq5KMgmDYJLzMgl4F+ZFCIUt6OQP38MnOq47EgOkFg==",
      "requires": {
        "lodash": "^4.17.19",
        "prop-types": "^15.5.8",
        "victory-core": "^36.3.0"
      }
    },
    "victory-group": {
      "version": "36.3.0",
      "resolved": "https://registry.npmjs.org/victory-group/-/victory-group-36.3.0.tgz",
      "integrity": "sha512-JsO/CMxQrGOv+GK55ssTWtcASVyC2Y9kJ0a6xWyGKAWufGDehvdmwg2HxAcx9QeIu9vQ0qQOYc3Yk2/DwW0bJQ==",
      "requires": {
        "lodash": "^4.17.19",
        "prop-types": "^15.5.8",
        "react-fast-compare": "^2.0.0",
        "victory-core": "^36.3.0",
        "victory-shared-events": "^36.3.0"
      }
    },
    "victory-histogram": {
      "version": "36.3.0",
      "resolved": "https://registry.npmjs.org/victory-histogram/-/victory-histogram-36.3.0.tgz",
      "integrity": "sha512-C1IlANqjiUMOzvpaDQZKLgMVf9wEhYBVm9SpGAHmMSo45fGH89Knp+PgKMFKom2BXjuBPAyZjETdulTKDPOHsw==",
      "requires": {
        "d3-array": "~2.3.0",
        "d3-scale": "^1.0.0",
        "lodash": "^4.17.19",
        "prop-types": "^15.5.8",
        "react-fast-compare": "^2.0.0",
        "victory-bar": "^36.3.0",
        "victory-core": "^36.3.0"
      },
      "dependencies": {
        "d3-array": {
          "version": "2.3.3",
          "resolved": "https://registry.npmjs.org/d3-array/-/d3-array-2.3.3.tgz",
          "integrity": "sha512-syv3wp0U5aB6toP2zb2OdBkhTy1MWDsCAaYk6OXJZv+G4u7bSWEmYgxLoFyc88RQUhZYGCebW9a9UD1gFi5+MQ=="
        }
      }
    },
    "victory-legend": {
      "version": "36.3.0",
      "resolved": "https://registry.npmjs.org/victory-legend/-/victory-legend-36.3.0.tgz",
      "integrity": "sha512-5gaUBXQcJfA4BQpatCG1X/evAgrzBfMIHhbEkwH4jCtt9aVU+b2qMYRs7nw+Rnzz5Cicb6cwajHgem9mv3E04w==",
      "requires": {
        "lodash": "^4.17.19",
        "prop-types": "^15.5.8",
        "victory-core": "^36.3.0"
      }
    },
    "victory-line": {
      "version": "36.3.0",
      "resolved": "https://registry.npmjs.org/victory-line/-/victory-line-36.3.0.tgz",
      "integrity": "sha512-qLDHBcmFRMytKACgDt3z6ktuqTNKHvVPifoSrAnORfFlXxMJlGB8+XZAGeAP6DeC5jDOb+sc6DFKzSOIvFLnqA==",
      "requires": {
        "d3-shape": "^1.2.0",
        "lodash": "^4.17.19",
        "prop-types": "^15.5.8",
        "victory-core": "^36.3.0"
      }
    },
    "victory-pie": {
      "version": "36.3.0",
      "resolved": "https://registry.npmjs.org/victory-pie/-/victory-pie-36.3.0.tgz",
      "integrity": "sha512-ZApiB4OW2l6vHSxRZpaqklQ9gnOshqqZBCHgcyr2kbx+oLJMeKi+mJbh/YS1btFCPwL7bSSO4EYdBuaGyAX9VA==",
      "requires": {
        "d3-shape": "^1.0.0",
        "lodash": "^4.17.19",
        "prop-types": "^15.5.8",
        "victory-core": "^36.3.0"
      }
    },
    "victory-polar-axis": {
      "version": "36.3.0",
      "resolved": "https://registry.npmjs.org/victory-polar-axis/-/victory-polar-axis-36.3.0.tgz",
      "integrity": "sha512-xbxHDMJi3CG1dB8ATiURNg0NVVECk0z82soAwVSA5jPmGRmW4t8ByKBfSsw/ommeDclJ95X8+jtR1Jxd+mjsfw==",
      "requires": {
        "lodash": "^4.17.19",
        "prop-types": "^15.5.8",
        "victory-core": "^36.3.0"
      }
    },
    "victory-scatter": {
      "version": "36.3.0",
      "resolved": "https://registry.npmjs.org/victory-scatter/-/victory-scatter-36.3.0.tgz",
      "integrity": "sha512-PfgM/y7tV/e1Y3ew5R2wvM1O11+EXoToQ2KR0/WTzybwD6R5OghgbcM1xS2NUCtOeubYDkkXjBogZc0rDyyfjA==",
      "requires": {
        "lodash": "^4.17.19",
        "prop-types": "^15.5.8",
        "victory-core": "^36.3.0"
      }
    },
    "victory-selection-container": {
      "version": "36.3.0",
      "resolved": "https://registry.npmjs.org/victory-selection-container/-/victory-selection-container-36.3.0.tgz",
      "integrity": "sha512-RdFkmxoy2HkbZ9ebuj5Mlx+/OTtPjoUO+FYXItc/Le+HWcGNvkhzmyfZJ+JZAi7atwevCEQawsdUHslIf9mZig==",
      "requires": {
        "lodash": "^4.17.19",
        "prop-types": "^15.5.8",
        "victory-core": "^36.3.0"
      }
    },
    "victory-shared-events": {
      "version": "36.3.0",
      "resolved": "https://registry.npmjs.org/victory-shared-events/-/victory-shared-events-36.3.0.tgz",
      "integrity": "sha512-XnTzwlRy7uUgBm8NW1tLn4wx3M4lkFO/jA3DHFMYgCVzq+Fu7Tu+BmMPZ8m5DxZFwxKP4HVlYuYKwoQu7yerWA==",
      "requires": {
        "json-stringify-safe": "^5.0.1",
        "lodash": "^4.17.19",
        "prop-types": "^15.5.8",
        "react-fast-compare": "^2.0.0",
        "victory-core": "^36.3.0"
      }
    },
    "victory-stack": {
      "version": "36.3.0",
      "resolved": "https://registry.npmjs.org/victory-stack/-/victory-stack-36.3.0.tgz",
      "integrity": "sha512-QtW+UReATWUojUyv2II+i0d+RonLRcxFIhCFPO4Eo6tHS7ZqvBQWii0N3FRlbl65h2jW4By+xjoNxyHoSsbJJQ==",
      "requires": {
        "lodash": "^4.17.19",
        "prop-types": "^15.5.8",
        "react-fast-compare": "^2.0.0",
        "victory-core": "^36.3.0",
        "victory-shared-events": "^36.3.0"
      }
    },
    "victory-tooltip": {
      "version": "36.3.0",
      "resolved": "https://registry.npmjs.org/victory-tooltip/-/victory-tooltip-36.3.0.tgz",
      "integrity": "sha512-GM8hOmbcKZRQCtWDi9bJrqvjUEryqwXcw8onz5sFGvPPONLu7nYKCO0s6/m3wCHqAWqotPpu6FTtxXSChYJ6kA==",
      "requires": {
        "lodash": "^4.17.19",
        "prop-types": "^15.5.8",
        "victory-core": "^36.3.0"
      }
    },
    "victory-voronoi": {
      "version": "36.3.0",
      "resolved": "https://registry.npmjs.org/victory-voronoi/-/victory-voronoi-36.3.0.tgz",
      "integrity": "sha512-P+DMO+mLtpqsH1rfnLBBKanObnk55X44km+eIiqr3NuFJBVOT5XCaiv2p6gbU1adv5ciAxxpN6KAo8TgZwupgg==",
      "requires": {
        "d3-voronoi": "^1.1.2",
        "lodash": "^4.17.19",
        "prop-types": "^15.5.8",
        "victory-core": "^36.3.0"
      }
    },
    "victory-voronoi-container": {
      "version": "36.3.1",
      "resolved": "https://registry.npmjs.org/victory-voronoi-container/-/victory-voronoi-container-36.3.1.tgz",
      "integrity": "sha512-bFznyx0dLRb84nrGhOslN/e/3mfEGCmlPbvEFv8SGBVZxvAQv2go4byhZx4qvFbcKf2Wyx8svyxCsfS9g/OsEw==",
      "requires": {
        "delaunay-find": "0.0.6",
        "lodash": "^4.17.19",
        "prop-types": "^15.5.8",
        "react-fast-compare": "^2.0.0",
        "victory-core": "^36.3.0",
        "victory-tooltip": "^36.3.0"
      }
    },
    "victory-zoom-container": {
      "version": "36.3.0",
      "resolved": "https://registry.npmjs.org/victory-zoom-container/-/victory-zoom-container-36.3.0.tgz",
      "integrity": "sha512-FG+nh5pi4xCP7EBI+rtc0q3U6RrkOW+ophOgpGCpNGswvvuREl+DtdS/dPjYk+Ktt45f1qmVrT26ovJ4IiMKEA==",
      "requires": {
        "lodash": "^4.17.19",
        "prop-types": "^15.5.8",
        "victory-core": "^36.3.0"
      }
    }
  }
}
